
Microsoft Visual Studio Solution File, Format Version 12.00
# Visual Studio Version 17
VisualStudioVersion = 17.5.33516.290
MinimumVisualStudioVersion = 10.0.40219.1
Project("{D2ABAB84-BF74-430A-B69E-9DC6D40DDA17}") = "Final_bi_ssas_2", "Final_bi_ssas_2\Final_bi_ssas_2.dwproj", "{488E6EDC-DAB8-4A42-A6CA-BDEB79D83BF0}"
EndProject
Global
	GlobalSection(SolutionConfigurationPlatforms) = preSolution
		Development|Default = Development|Default
	EndGlobalSection
	GlobalSection(ProjectConfigurationPlatforms) = postSolution
		{488E6EDC-DAB8-4A42-A6CA-BDEB79D83BF0}.Development|Default.ActiveCfg = Development
		{488E6EDC-DAB8-4A42-A6CA-BDEB79D83BF0}.Development|Default.Build.0 = Development
		{488E6EDC-DAB8-4A42-A6CA-BDEB79D83BF0}.Development|Default.Deploy.0 = Development
	EndGlobalSection
	GlobalSection(SolutionProperties) = preSolution
		HideSolutionNode = FALSE
	EndGlobalSection
	GlobalSection(ExtensibilityGlobals) = postSolution
		SolutionGuid = {8E8524A4-AE9E-4AD2-BBF8-1B27A2351F4A}
	EndGlobalSection
EndGlobal
